// !$*UTF8*$!
{
	archiveVersion = 1;
	classes = {
	};
	objectVersion = 50;
	objects = {

/* Begin PBXBuildFile section */
		6049B42921B56E7F00D043FD /* APIKey.swift in Sources */ = {isa = PBXBuildFile; fileRef = 6049B42821B56E7F00D043FD /* APIKey.swift */; };
		6049B42C21B6AF7F00D043FD /* MeetMapService.swift in Sources */ = {isa = PBXBuildFile; fileRef = 6049B42B21B6AF7F00D043FD /* MeetMapService.swift */; };
		6049B42E21B6CC2900D043FD /* NotificationKeys.swift in Sources */ = {isa = PBXBuildFile; fileRef = 6049B42D21B6CC2900D043FD /* NotificationKeys.swift */; };
		608FE005219040FE00236780 /* MeetViewController.swift in Sources */ = {isa = PBXBuildFile; fileRef = 608FE004219040FE00236780 /* MeetViewController.swift */; };
		608FE0072190410B00236780 /* ShowViewController.swift in Sources */ = {isa = PBXBuildFile; fileRef = 608FE0062190410B00236780 /* ShowViewController.swift */; };
		608FE0092190411600236780 /* NewsViewController.swift in Sources */ = {isa = PBXBuildFile; fileRef = 608FE0082190411600236780 /* NewsViewController.swift */; };
		608FE00B2190412100236780 /* MineViewController.swift in Sources */ = {isa = PBXBuildFile; fileRef = 608FE00A2190412100236780 /* MineViewController.swift */; };
		608FE00D2190424200236780 /* MainViewController.swift in Sources */ = {isa = PBXBuildFile; fileRef = 608FE00C2190424200236780 /* MainViewController.swift */; };
		608FE0192190574D00236780 /* Const.swift in Sources */ = {isa = PBXBuildFile; fileRef = 608FE0182190574D00236780 /* Const.swift */; };
		608FE01C21907F3200236780 /* Features.swift in Sources */ = {isa = PBXBuildFile; fileRef = 608FE01B21907F3200236780 /* Features.swift */; };
		608FE02021907F7800236780 /* FeaturesItem.xib in Resources */ = {isa = PBXBuildFile; fileRef = 608FE01F21907F7800236780 /* FeaturesItem.xib */; };
		608FE022219084A800236780 /* FeaturesItem.swift in Sources */ = {isa = PBXBuildFile; fileRef = 608FE021219084A800236780 /* FeaturesItem.swift */; };
		60E597BF219038BC007D589B /* AppDelegate.swift in Sources */ = {isa = PBXBuildFile; fileRef = 60E597BE219038BC007D589B /* AppDelegate.swift */; };
		60E597C1219038BC007D589B /* ViewController.swift in Sources */ = {isa = PBXBuildFile; fileRef = 60E597C0219038BC007D589B /* ViewController.swift */; };
		60E597C4219038BC007D589B /* Main.storyboard in Resources */ = {isa = PBXBuildFile; fileRef = 60E597C2219038BC007D589B /* Main.storyboard */; };
		60E597C6219038BD007D589B /* Assets.xcassets in Resources */ = {isa = PBXBuildFile; fileRef = 60E597C5219038BD007D589B /* Assets.xcassets */; };
		60E597C9219038BD007D589B /* LaunchScreen.storyboard in Resources */ = {isa = PBXBuildFile; fileRef = 60E597C7219038BD007D589B /* LaunchScreen.storyboard */; };
		9D97E3D1556154C0A69B9620 /* Pods_Meet.framework in Frameworks */ = {isa = PBXBuildFile; fileRef = F6C474BC3ABCDD84C53C63A4 /* Pods_Meet.framework */; };
		CD7C7C4C21A4F38700413D0E /* GridFlowLayout.swift in Sources */ = {isa = PBXBuildFile; fileRef = CD7C7C4B21A4F38700413D0E /* GridFlowLayout.swift */; };
		CD7C7C4F21A4F5B200413D0E /* GridFlowVC.swift in Sources */ = {isa = PBXBuildFile; fileRef = CD7C7C4D21A4F5B200413D0E /* GridFlowVC.swift */; };
		CD7C7C5021A4F5B200413D0E /* GridFlowVC.xib in Resources */ = {isa = PBXBuildFile; fileRef = CD7C7C4E21A4F5B200413D0E /* GridFlowVC.xib */; };
		CD7C7C5321A4F68500413D0E /* MeetHomeCell.swift in Sources */ = {isa = PBXBuildFile; fileRef = CD7C7C5121A4F68500413D0E /* MeetHomeCell.swift */; };
		CD7C7C5421A4F68500413D0E /* MeetHomeCell.xib in Resources */ = {isa = PBXBuildFile; fileRef = CD7C7C5221A4F68500413D0E /* MeetHomeCell.xib */; };
		CD7C7C5721A5314D00413D0E /* MeetItemModel.swift in Sources */ = {isa = PBXBuildFile; fileRef = CD7C7C5621A5314D00413D0E /* MeetItemModel.swift */; };
		CD7C7C5C21A7EA0B00413D0E /* MessageViewController.swift in Sources */ = {isa = PBXBuildFile; fileRef = CD7C7C5B21A7EA0B00413D0E /* MessageViewController.swift */; };
		CD7C7C6921A7F79F00413D0E /* NetBaseUrl.swift in Sources */ = {isa = PBXBuildFile; fileRef = CD7C7C6821A7F79F00413D0E /* NetBaseUrl.swift */; };
		CD7C7C6B21A7F7C800413D0E /* NetworkTool.swift in Sources */ = {isa = PBXBuildFile; fileRef = CD7C7C6A21A7F7C800413D0E /* NetworkTool.swift */; };
/* End PBXBuildFile section */

/* Begin PBXFileReference section */
		06A76BCE39C2AE60784EF4C6 /* Pods-Meet.debug.xcconfig */ = {isa = PBXFileReference; includeInIndex = 1; lastKnownFileType = text.xcconfig; name = "Pods-Meet.debug.xcconfig"; path = "Pods/Target Support Files/Pods-Meet/Pods-Meet.debug.xcconfig"; sourceTree = "<group>"; };
		6049B42821B56E7F00D043FD /* APIKey.swift */ = {isa = PBXFileReference; lastKnownFileType = sourcecode.swift; path = APIKey.swift; sourceTree = "<group>"; };
		6049B42B21B6AF7F00D043FD /* MeetMapService.swift */ = {isa = PBXFileReference; lastKnownFileType = sourcecode.swift; path = MeetMapService.swift; sourceTree = "<group>"; };
		6049B42D21B6CC2900D043FD /* NotificationKeys.swift */ = {isa = PBXFileReference; lastKnownFileType = sourcecode.swift; path = NotificationKeys.swift; sourceTree = "<group>"; };
		608FE004219040FE00236780 /* MeetViewController.swift */ = {isa = PBXFileReference; lastKnownFileType = sourcecode.swift; path = MeetViewController.swift; sourceTree = "<group>"; };
		608FE0062190410B00236780 /* ShowViewController.swift */ = {isa = PBXFileReference; lastKnownFileType = sourcecode.swift; path = ShowViewController.swift; sourceTree = "<group>"; };
		608FE0082190411600236780 /* NewsViewController.swift */ = {isa = PBXFileReference; lastKnownFileType = sourcecode.swift; path = NewsViewController.swift; sourceTree = "<group>"; };
		608FE00A2190412100236780 /* MineViewController.swift */ = {isa = PBXFileReference; lastKnownFileType = sourcecode.swift; path = MineViewController.swift; sourceTree = "<group>"; };
		608FE00C2190424200236780 /* MainViewController.swift */ = {isa = PBXFileReference; lastKnownFileType = sourcecode.swift; path = MainViewController.swift; sourceTree = "<group>"; };
		608FE00E2190460A00236780 /* libESTabBarController-swift.a */ = {isa = PBXFileReference; explicitFileType = archive.ar; path = "libESTabBarController-swift.a"; sourceTree = BUILT_PRODUCTS_DIR; };
		608FE0182190574D00236780 /* Const.swift */ = {isa = PBXFileReference; lastKnownFileType = sourcecode.swift; path = Const.swift; sourceTree = "<group>"; };
		608FE01B21907F3200236780 /* Features.swift */ = {isa = PBXFileReference; lastKnownFileType = sourcecode.swift; path = Features.swift; sourceTree = "<group>"; };
		608FE01F21907F7800236780 /* FeaturesItem.xib */ = {isa = PBXFileReference; lastKnownFileType = file.xib; path = FeaturesItem.xib; sourceTree = "<group>"; };
		608FE021219084A800236780 /* FeaturesItem.swift */ = {isa = PBXFileReference; lastKnownFileType = sourcecode.swift; path = FeaturesItem.swift; sourceTree = "<group>"; };
		60E597BB219038BC007D589B /* Meet.app */ = {isa = PBXFileReference; explicitFileType = wrapper.application; includeInIndex = 0; path = Meet.app; sourceTree = BUILT_PRODUCTS_DIR; };
		60E597BE219038BC007D589B /* AppDelegate.swift */ = {isa = PBXFileReference; lastKnownFileType = sourcecode.swift; path = AppDelegate.swift; sourceTree = "<group>"; };
		60E597C0219038BC007D589B /* ViewController.swift */ = {isa = PBXFileReference; lastKnownFileType = sourcecode.swift; path = ViewController.swift; sourceTree = "<group>"; };
		60E597C3219038BC007D589B /* Base */ = {isa = PBXFileReference; lastKnownFileType = file.storyboard; name = Base; path = Base.lproj/Main.storyboard; sourceTree = "<group>"; };
		60E597C5219038BD007D589B /* Assets.xcassets */ = {isa = PBXFileReference; lastKnownFileType = folder.assetcatalog; path = Assets.xcassets; sourceTree = "<group>"; };
		60E597C8219038BD007D589B /* Base */ = {isa = PBXFileReference; lastKnownFileType = file.storyboard; name = Base; path = Base.lproj/LaunchScreen.storyboard; sourceTree = "<group>"; };
		60E597CA219038BD007D589B /* Info.plist */ = {isa = PBXFileReference; lastKnownFileType = text.plist.xml; path = Info.plist; sourceTree = "<group>"; };
		7951CA5D42A191DBCD666208 /* Pods-Meet.release.xcconfig */ = {isa = PBXFileReference; includeInIndex = 1; lastKnownFileType = text.xcconfig; name = "Pods-Meet.release.xcconfig"; path = "Pods/Target Support Files/Pods-Meet/Pods-Meet.release.xcconfig"; sourceTree = "<group>"; };
		CD7C7C4B21A4F38700413D0E /* GridFlowLayout.swift */ = {isa = PBXFileReference; lastKnownFileType = sourcecode.swift; path = GridFlowLayout.swift; sourceTree = "<group>"; };
		CD7C7C4D21A4F5B200413D0E /* GridFlowVC.swift */ = {isa = PBXFileReference; lastKnownFileType = sourcecode.swift; path = GridFlowVC.swift; sourceTree = "<group>"; };
		CD7C7C4E21A4F5B200413D0E /* GridFlowVC.xib */ = {isa = PBXFileReference; lastKnownFileType = file.xib; path = GridFlowVC.xib; sourceTree = "<group>"; };
		CD7C7C5121A4F68500413D0E /* MeetHomeCell.swift */ = {isa = PBXFileReference; lastKnownFileType = sourcecode.swift; path = MeetHomeCell.swift; sourceTree = "<group>"; };
		CD7C7C5221A4F68500413D0E /* MeetHomeCell.xib */ = {isa = PBXFileReference; lastKnownFileType = file.xib; path = MeetHomeCell.xib; sourceTree = "<group>"; };
		CD7C7C5621A5314D00413D0E /* MeetItemModel.swift */ = {isa = PBXFileReference; lastKnownFileType = sourcecode.swift; path = MeetItemModel.swift; sourceTree = "<group>"; };
		CD7C7C5B21A7EA0B00413D0E /* MessageViewController.swift */ = {isa = PBXFileReference; lastKnownFileType = sourcecode.swift; path = MessageViewController.swift; sourceTree = "<group>"; };
		CD7C7C6821A7F79F00413D0E /* NetBaseUrl.swift */ = {isa = PBXFileReference; lastKnownFileType = sourcecode.swift; path = NetBaseUrl.swift; sourceTree = "<group>"; };
		CD7C7C6A21A7F7C800413D0E /* NetworkTool.swift */ = {isa = PBXFileReference; lastKnownFileType = sourcecode.swift; path = NetworkTool.swift; sourceTree = "<group>"; };
		CD7C7C6C21A7FD3300413D0E /* Meet-Bridging.h */ = {isa = PBXFileReference; lastKnownFileType = sourcecode.c.h; path = "Meet-Bridging.h"; sourceTree = "<group>"; };
		F6C474BC3ABCDD84C53C63A4 /* Pods_Meet.framework */ = {isa = PBXFileReference; explicitFileType = wrapper.framework; includeInIndex = 0; path = Pods_Meet.framework; sourceTree = BUILT_PRODUCTS_DIR; };
/* End PBXFileReference section */

/* Begin PBXFrameworksBuildPhase section */
		60E597B8219038BC007D589B /* Frameworks */ = {
			isa = PBXFrameworksBuildPhase;
			buildActionMask = 2147483647;
			files = (
				9D97E3D1556154C0A69B9620 /* Pods_Meet.framework in Frameworks */,
			);
			runOnlyForDeploymentPostprocessing = 0;
		};
/* End PBXFrameworksBuildPhase section */

/* Begin PBXGroup section */
		6049B42A21B6AF5600D043FD /* Service */ = {
			isa = PBXGroup;
			children = (
				6049B42B21B6AF7F00D043FD /* MeetMapService.swift */,
			);
			path = Service;
			sourceTree = "<group>";
		};
		608FDFFE21903E3C00236780 /* ViewContrllers */ = {
			isa = PBXGroup;
			children = (
				608FE00021903E9200236780 /* Meet */,
				CD7C7C5A21A7E9C300413D0E /* Message */,
				608FE00121903EAF00236780 /* Show */,
				608FE002219040BC00236780 /* News */,
				608FE003219040C400236780 /* Mine */,
				608FDFFF21903E6000236780 /* MainViewController */,
			);
			path = ViewContrllers;
			sourceTree = "<group>";
		};
		608FDFFF21903E6000236780 /* MainViewController */ = {
			isa = PBXGroup;
			children = (
				608FE00C2190424200236780 /* MainViewController.swift */,
			);
			path = MainViewController;
			sourceTree = "<group>";
		};
		608FE00021903E9200236780 /* Meet */ = {
			isa = PBXGroup;
			children = (
				CD7C7C5521A5311D00413D0E /* Models */,
				608FE01A21907EEA00236780 /* Views */,
				608FE004219040FE00236780 /* MeetViewController.swift */,
			);
			path = Meet;
			sourceTree = "<group>";
		};
		608FE00121903EAF00236780 /* Show */ = {
			isa = PBXGroup;
			children = (
				608FE0062190410B00236780 /* ShowViewController.swift */,
			);
			path = Show;
			sourceTree = "<group>";
		};
		608FE002219040BC00236780 /* News */ = {
			isa = PBXGroup;
			children = (
				608FE0082190411600236780 /* NewsViewController.swift */,
			);
			path = News;
			sourceTree = "<group>";
		};
		608FE003219040C400236780 /* Mine */ = {
			isa = PBXGroup;
			children = (
				608FE00A2190412100236780 /* MineViewController.swift */,
			);
			path = Mine;
			sourceTree = "<group>";
		};
		608FE010219056E400236780 /* Utilities */ = {
			isa = PBXGroup;
			children = (
				608FE0182190574D00236780 /* Const.swift */,
				6049B42821B56E7F00D043FD /* APIKey.swift */,
				6049B42D21B6CC2900D043FD /* NotificationKeys.swift */,
			);
			path = Utilities;
			sourceTree = "<group>";
		};
		608FE01A21907EEA00236780 /* Views */ = {
			isa = PBXGroup;
			children = (
				CD7C7C4A21A4F2FE00413D0E /* GridLayout */,
				608FE021219084A800236780 /* FeaturesItem.swift */,
				608FE01F21907F7800236780 /* FeaturesItem.xib */,
				608FE01B21907F3200236780 /* Features.swift */,
			);
			path = Views;
			sourceTree = "<group>";
		};
		60E597B2219038BC007D589B = {
			isa = PBXGroup;
			children = (
				60E597BD219038BC007D589B /* Meet */,
				60E597BC219038BC007D589B /* Products */,
				D7FD6EAFBFEA20E663A08A7E /* Pods */,
				E329901B71E9643933D25020 /* Frameworks */,
			);
			sourceTree = "<group>";
		};
		60E597BC219038BC007D589B /* Products */ = {
			isa = PBXGroup;
			children = (
				60E597BB219038BC007D589B /* Meet.app */,
			);
			name = Products;
			sourceTree = "<group>";
		};
		60E597BD219038BC007D589B /* Meet */ = {
			isa = PBXGroup;
			children = (
				608FDFFE21903E3C00236780 /* ViewContrllers */,
				CD7C7C6421A7F71000413D0E /* DataManager */,
				608FE010219056E400236780 /* Utilities */,
				6049B42A21B6AF5600D043FD /* Service */,
				60E597BE219038BC007D589B /* AppDelegate.swift */,
				60E597C0219038BC007D589B /* ViewController.swift */,
				60E597C2219038BC007D589B /* Main.storyboard */,
				60E597C5219038BD007D589B /* Assets.xcassets */,
				60E597C7219038BD007D589B /* LaunchScreen.storyboard */,
				60E597CA219038BD007D589B /* Info.plist */,
				CD7C7C6C21A7FD3300413D0E /* Meet-Bridging.h */,
			);
			path = Meet;
			sourceTree = "<group>";
		};
		CD7C7C4A21A4F2FE00413D0E /* GridLayout */ = {
			isa = PBXGroup;
			children = (
				CD7C7C4B21A4F38700413D0E /* GridFlowLayout.swift */,
				CD7C7C4D21A4F5B200413D0E /* GridFlowVC.swift */,
				CD7C7C4E21A4F5B200413D0E /* GridFlowVC.xib */,
				CD7C7C5121A4F68500413D0E /* MeetHomeCell.swift */,
				CD7C7C5221A4F68500413D0E /* MeetHomeCell.xib */,
			);
			path = GridLayout;
			sourceTree = "<group>";
		};
		CD7C7C5521A5311D00413D0E /* Models */ = {
			isa = PBXGroup;
			children = (
				CD7C7C5621A5314D00413D0E /* MeetItemModel.swift */,
			);
			path = Models;
			sourceTree = "<group>";
		};
		CD7C7C5A21A7E9C300413D0E /* Message */ = {
			isa = PBXGroup;
			children = (
				CD7C7C5B21A7EA0B00413D0E /* MessageViewController.swift */,
			);
			path = Message;
			sourceTree = "<group>";
		};
		CD7C7C6421A7F71000413D0E /* DataManager */ = {
			isa = PBXGroup;
			children = (
				CD7C7C6521A7F71F00413D0E /* NetManager */,
				CD7C7C6721A7F73300413D0E /* FileManager */,
				CD7C7C6621A7F72900413D0E /* DBManager */,
			);
			path = DataManager;
			sourceTree = "<group>";
		};
		CD7C7C6521A7F71F00413D0E /* NetManager */ = {
			isa = PBXGroup;
			children = (
				CD7C7C6821A7F79F00413D0E /* NetBaseUrl.swift */,
				CD7C7C6A21A7F7C800413D0E /* NetworkTool.swift */,
			);
			path = NetManager;
			sourceTree = "<group>";
		};
		CD7C7C6621A7F72900413D0E /* DBManager */ = {
			isa = PBXGroup;
			children = (
			);
			path = DBManager;
			sourceTree = "<group>";
		};
		CD7C7C6721A7F73300413D0E /* FileManager */ = {
			isa = PBXGroup;
			children = (
			);
			path = FileManager;
			sourceTree = "<group>";
		};
		D7FD6EAFBFEA20E663A08A7E /* Pods */ = {
			isa = PBXGroup;
			children = (
				06A76BCE39C2AE60784EF4C6 /* Pods-Meet.debug.xcconfig */,
				7951CA5D42A191DBCD666208 /* Pods-Meet.release.xcconfig */,
			);
			name = Pods;
			sourceTree = "<group>";
		};
		E329901B71E9643933D25020 /* Frameworks */ = {
			isa = PBXGroup;
			children = (
				608FE00E2190460A00236780 /* libESTabBarController-swift.a */,
				F6C474BC3ABCDD84C53C63A4 /* Pods_Meet.framework */,
			);
			name = Frameworks;
			sourceTree = "<group>";
		};
/* End PBXGroup section */

/* Begin PBXNativeTarget section */
		60E597BA219038BC007D589B /* Meet */ = {
			isa = PBXNativeTarget;
			buildConfigurationList = 60E597CD219038BD007D589B /* Build configuration list for PBXNativeTarget "Meet" */;
			buildPhases = (
				B7B6B935931F8FDAEBBA34FB /* [CP] Check Pods Manifest.lock */,
				60E597B7219038BC007D589B /* Sources */,
				60E597B8219038BC007D589B /* Frameworks */,
				60E597B9219038BC007D589B /* Resources */,
				E964F105D01286FE6C918416 /* [CP] Copy Pods Resources */,
				55B11E0D12B8816B4F2E9029 /* [CP] Embed Pods Frameworks */,
			);
			buildRules = (
			);
			dependencies = (
			);
			name = Meet;
			productName = Meet;
			productReference = 60E597BB219038BC007D589B /* Meet.app */;
			productType = "com.apple.product-type.application";
		};
/* End PBXNativeTarget section */

/* Begin PBXProject section */
		60E597B3219038BC007D589B /* Project object */ = {
			isa = PBXProject;
			attributes = {
				LastSwiftUpdateCheck = 1010;
				LastUpgradeCheck = 1010;
				ORGANIZATIONNAME = "潘威";
				TargetAttributes = {
					60E597BA219038BC007D589B = {
						CreatedOnToolsVersion = 10.1;
						SystemCapabilities = {
							com.apple.BackgroundModes = {
								enabled = 1;
							};
						};
					};
				};
			};
			buildConfigurationList = 60E597B6219038BC007D589B /* Build configuration list for PBXProject "Meet" */;
			compatibilityVersion = "Xcode 9.3";
			developmentRegion = en;
			hasScannedForEncodings = 0;
			knownRegions = (
				en,
				Base,
			);
			mainGroup = 60E597B2219038BC007D589B;
			productRefGroup = 60E597BC219038BC007D589B /* Products */;
			projectDirPath = "";
			projectRoot = "";
			targets = (
				60E597BA219038BC007D589B /* Meet */,
			);
		};
/* End PBXProject section */

/* Begin PBXResourcesBuildPhase section */
		60E597B9219038BC007D589B /* Resources */ = {
			isa = PBXResourcesBuildPhase;
			buildActionMask = 2147483647;
			files = (
				608FE02021907F7800236780 /* FeaturesItem.xib in Resources */,
				CD7C7C5421A4F68500413D0E /* MeetHomeCell.xib in Resources */,
				60E597C9219038BD007D589B /* LaunchScreen.storyboard in Resources */,
				CD7C7C5021A4F5B200413D0E /* GridFlowVC.xib in Resources */,
				60E597C6219038BD007D589B /* Assets.xcassets in Resources */,
				60E597C4219038BC007D589B /* Main.storyboard in Resources */,
			);
			runOnlyForDeploymentPostprocessing = 0;
		};
/* End PBXResourcesBuildPhase section */

/* Begin PBXShellScriptBuildPhase section */
		55B11E0D12B8816B4F2E9029 /* [CP] Embed Pods Frameworks */ = {
			isa = PBXShellScriptBuildPhase;
			buildActionMask = 2147483647;
			files = (
			);
			inputPaths = (
				"${SRCROOT}/Pods/Target Support Files/Pods-Meet/Pods-Meet-frameworks.sh",
				"${BUILT_PRODUCTS_DIR}/Alamofire/Alamofire.framework",
				"${BUILT_PRODUCTS_DIR}/BlocksKit/BlocksKit.framework",
				"${BUILT_PRODUCTS_DIR}/MJExtension/MJExtension.framework",
				"${BUILT_PRODUCTS_DIR}/MJRefresh/MJRefresh.framework",
				"${BUILT_PRODUCTS_DIR}/Reachability/Reachability.framework",
				"${BUILT_PRODUCTS_DIR}/SDWebImage/SDWebImage.framework",
				"${BUILT_PRODUCTS_DIR}/SVProgressHUD/SVProgressHUD.framework",
				"${BUILT_PRODUCTS_DIR}/SwiftyJSON/SwiftyJSON.framework",
				"${BUILT_PRODUCTS_DIR}/TPKeyboardAvoiding/TPKeyboardAvoiding.framework",
			);
			name = "[CP] Embed Pods Frameworks";
			outputPaths = (
				"${TARGET_BUILD_DIR}/${FRAMEWORKS_FOLDER_PATH}/Alamofire.framework",
				"${TARGET_BUILD_DIR}/${FRAMEWORKS_FOLDER_PATH}/BlocksKit.framework",
				"${TARGET_BUILD_DIR}/${FRAMEWORKS_FOLDER_PATH}/MJExtension.framework",
				"${TARGET_BUILD_DIR}/${FRAMEWORKS_FOLDER_PATH}/MJRefresh.framework",
				"${TARGET_BUILD_DIR}/${FRAMEWORKS_FOLDER_PATH}/Reachability.framework",
				"${TARGET_BUILD_DIR}/${FRAMEWORKS_FOLDER_PATH}/SDWebImage.framework",
				"${TARGET_BUILD_DIR}/${FRAMEWORKS_FOLDER_PATH}/SVProgressHUD.framework",
				"${TARGET_BUILD_DIR}/${FRAMEWORKS_FOLDER_PATH}/SwiftyJSON.framework",
				"${TARGET_BUILD_DIR}/${FRAMEWORKS_FOLDER_PATH}/TPKeyboardAvoiding.framework",
			);
			runOnlyForDeploymentPostprocessing = 0;
			shellPath = /bin/sh;
			shellScript = "\"${SRCROOT}/Pods/Target Support Files/Pods-Meet/Pods-Meet-frameworks.sh\"\n";
			showEnvVarsInLog = 0;
		};
		B7B6B935931F8FDAEBBA34FB /* [CP] Check Pods Manifest.lock */ = {
			isa = PBXShellScriptBuildPhase;
			buildActionMask = 2147483647;
			files = (
			);
			inputPaths = (
				"${PODS_PODFILE_DIR_PATH}/Podfile.lock",
				"${PODS_ROOT}/Manifest.lock",
			);
			name = "[CP] Check Pods Manifest.lock";
			outputPaths = (
				"$(DERIVED_FILE_DIR)/Pods-Meet-checkManifestLockResult.txt",
			);
			runOnlyForDeploymentPostprocessing = 0;
			shellPath = /bin/sh;
			shellScript = "diff \"${PODS_PODFILE_DIR_PATH}/Podfile.lock\" \"${PODS_ROOT}/Manifest.lock\" > /dev/null\nif [ $? != 0 ] ; then\n    # print error to STDERR\n    echo \"error: The sandbox is not in sync with the Podfile.lock. Run 'pod install' or update your CocoaPods installation.\" >&2\n    exit 1\nfi\n# This output is used by Xcode 'outputs' to avoid re-running this script phase.\necho \"SUCCESS\" > \"${SCRIPT_OUTPUT_FILE_0}\"\n";
			showEnvVarsInLog = 0;
		};
		E964F105D01286FE6C918416 /* [CP] Copy Pods Resources */ = {
			isa = PBXShellScriptBuildPhase;
			buildActionMask = 2147483647;
			files = (
			);
			inputPaths = (
				"${SRCROOT}/Pods/Target Support Files/Pods-Meet/Pods-Meet-resources.sh",
				"${PODS_ROOT}/MJRefresh/MJRefresh/MJRefresh.bundle",
				"${PODS_ROOT}/SVProgressHUD/SVProgressHUD/SVProgressHUD.bundle",
			);
			name = "[CP] Copy Pods Resources";
			outputPaths = (
				"${TARGET_BUILD_DIR}/${UNLOCALIZED_RESOURCES_FOLDER_PATH}/MJRefresh.bundle",
				"${TARGET_BUILD_DIR}/${UNLOCALIZED_RESOURCES_FOLDER_PATH}/SVProgressHUD.bundle",
			);
			runOnlyForDeploymentPostprocessing = 0;
			shellPath = /bin/sh;
			shellScript = "\"${SRCROOT}/Pods/Target Support Files/Pods-Meet/Pods-Meet-resources.sh\"\n";
			showEnvVarsInLog = 0;
		};
/* End PBXShellScriptBuildPhase section */

/* Begin PBXSourcesBuildPhase section */
		60E597B7219038BC007D589B /* Sources */ = {
			isa = PBXSourcesBuildPhase;
			buildActionMask = 2147483647;
			files = (
				CD7C7C6921A7F79F00413D0E /* NetBaseUrl.swift in Sources */,
				608FE01C21907F3200236780 /* Features.swift in Sources */,
				6049B42E21B6CC2900D043FD /* NotificationKeys.swift in Sources */,
				608FE00D2190424200236780 /* MainViewController.swift in Sources */,
				CD7C7C4F21A4F5B200413D0E /* GridFlowVC.swift in Sources */,
				CD7C7C5721A5314D00413D0E /* MeetItemModel.swift in Sources */,
				CD7C7C5C21A7EA0B00413D0E /* MessageViewController.swift in Sources */,
				60E597C1219038BC007D589B /* ViewController.swift in Sources */,
				CD7C7C4C21A4F38700413D0E /* GridFlowLayout.swift in Sources */,
				608FE005219040FE00236780 /* MeetViewController.swift in Sources */,
				CD7C7C6B21A7F7C800413D0E /* NetworkTool.swift in Sources */,
				60E597BF219038BC007D589B /* AppDelegate.swift in Sources */,
				608FE0092190411600236780 /* NewsViewController.swift in Sources */,
				608FE0192190574D00236780 /* Const.swift in Sources */,
				608FE022219084A800236780 /* FeaturesItem.swift in Sources */,
				608FE0072190410B00236780 /* ShowViewController.swift in Sources */,
				608FE00B2190412100236780 /* MineViewController.swift in Sources */,
				6049B42921B56E7F00D043FD /* APIKey.swift in Sources */,
				CD7C7C5321A4F68500413D0E /* MeetHomeCell.swift in Sources */,
				6049B42C21B6AF7F00D043FD /* MeetMapService.swift in Sources */,
			);
			runOnlyForDeploymentPostprocessing = 0;
		};
/* End PBXSourcesBuildPhase section */

/* Begin PBXVariantGroup section */
		60E597C2219038BC007D589B /* Main.storyboard */ = {
			isa = PBXVariantGroup;
			children = (
				60E597C3219038BC007D589B /* Base */,
			);
			name = Main.storyboard;
			sourceTree = "<group>";
		};
		60E597C7219038BD007D589B /* LaunchScreen.storyboard */ = {
			isa = PBXVariantGroup;
			children = (
				60E597C8219038BD007D589B /* Base */,
			);
			name = LaunchScreen.storyboard;
			sourceTree = "<group>";
		};
/* End PBXVariantGroup section */

/* Begin XCBuildConfiguration section */
		60E597CB219038BD007D589B /* Debug */ = {
			isa = XCBuildConfiguration;
			buildSettings = {
				ALWAYS_SEARCH_USER_PATHS = NO;
				CLANG_ANALYZER_NONNULL = YES;
				CLANG_ANALYZER_NUMBER_OBJECT_CONVERSION = YES_AGGRESSIVE;
				CLANG_CXX_LANGUAGE_STANDARD = "gnu++14";
				CLANG_CXX_LIBRARY = "libc++";
				CLANG_ENABLE_MODULES = YES;
				CLANG_ENABLE_OBJC_ARC = YES;
				CLANG_ENABLE_OBJC_WEAK = YES;
				CLANG_WARN_BLOCK_CAPTURE_AUTORELEASING = YES;
				CLANG_WARN_BOOL_CONVERSION = YES;
				CLANG_WARN_COMMA = YES;
				CLANG_WARN_CONSTANT_CONVERSION = YES;
				CLANG_WARN_DEPRECATED_OBJC_IMPLEMENTATIONS = YES;
				CLANG_WARN_DIRECT_OBJC_ISA_USAGE = YES_ERROR;
				CLANG_WARN_DOCUMENTATION_COMMENTS = YES;
				CLANG_WARN_EMPTY_BODY = YES;
				CLANG_WARN_ENUM_CONVERSION = YES;
				CLANG_WARN_INFINITE_RECURSION = YES;
				CLANG_WARN_INT_CONVERSION = YES;
				CLANG_WARN_NON_LITERAL_NULL_CONVERSION = YES;
				CLANG_WARN_OBJC_IMPLICIT_RETAIN_SELF = YES;
				CLANG_WARN_OBJC_LITERAL_CONVERSION = YES;
				CLANG_WARN_OBJC_ROOT_CLASS = YES_ERROR;
				CLANG_WARN_RANGE_LOOP_ANALYSIS = YES;
				CLANG_WARN_STRICT_PROTOTYPES = YES;
				CLANG_WARN_SUSPICIOUS_MOVE = YES;
				CLANG_WARN_UNGUARDED_AVAILABILITY = YES_AGGRESSIVE;
				CLANG_WARN_UNREACHABLE_CODE = YES;
				CLANG_WARN__DUPLICATE_METHOD_MATCH = YES;
				CODE_SIGN_IDENTITY = "iPhone Developer";
				COPY_PHASE_STRIP = NO;
				DEBUG_INFORMATION_FORMAT = dwarf;
				ENABLE_STRICT_OBJC_MSGSEND = YES;
				ENABLE_TESTABILITY = YES;
				GCC_C_LANGUAGE_STANDARD = gnu11;
				GCC_DYNAMIC_NO_PIC = NO;
				GCC_NO_COMMON_BLOCKS = YES;
				GCC_OPTIMIZATION_LEVEL = 0;
				GCC_PREPROCESSOR_DEFINITIONS = (
					"DEBUG=1",
					"$(inherited)",
				);
				GCC_WARN_64_TO_32_BIT_CONVERSION = YES;
				GCC_WARN_ABOUT_RETURN_TYPE = YES_ERROR;
				GCC_WARN_UNDECLARED_SELECTOR = YES;
				GCC_WARN_UNINITIALIZED_AUTOS = YES_AGGRESSIVE;
				GCC_WARN_UNUSED_FUNCTION = YES;
				GCC_WARN_UNUSED_VARIABLE = YES;
				IPHONEOS_DEPLOYMENT_TARGET = 10.0;
				MTL_ENABLE_DEBUG_INFO = INCLUDE_SOURCE;
				MTL_FAST_MATH = YES;
				ONLY_ACTIVE_ARCH = YES;
				SDKROOT = iphoneos;
				SWIFT_ACTIVE_COMPILATION_CONDITIONS = DEBUG;
				SWIFT_OPTIMIZATION_LEVEL = "-Onone";
			};
			name = Debug;
		};
		60E597CC219038BD007D589B /* Release */ = {
			isa = XCBuildConfiguration;
			buildSettings = {
				ALWAYS_SEARCH_USER_PATHS = NO;
				CLANG_ANALYZER_NONNULL = YES;
				CLANG_ANALYZER_NUMBER_OBJECT_CONVERSION = YES_AGGRESSIVE;
				CLANG_CXX_LANGUAGE_STANDARD = "gnu++14";
				CLANG_CXX_LIBRARY = "libc++";
				CLANG_ENABLE_MODULES = YES;
				CLANG_ENABLE_OBJC_ARC = YES;
				CLANG_ENABLE_OBJC_WEAK = YES;
				CLANG_WARN_BLOCK_CAPTURE_AUTORELEASING = YES;
				CLANG_WARN_BOOL_CONVERSION = YES;
				CLANG_WARN_COMMA = YES;
				CLANG_WARN_CONSTANT_CONVERSION = YES;
				CLANG_WARN_DEPRECATED_OBJC_IMPLEMENTATIONS = YES;
				CLANG_WARN_DIRECT_OBJC_ISA_USAGE = YES_ERROR;
				CLANG_WARN_DOCUMENTATION_COMMENTS = YES;
				CLANG_WARN_EMPTY_BODY = YES;
				CLANG_WARN_ENUM_CONVERSION = YES;
				CLANG_WARN_INFINITE_RECURSION = YES;
				CLANG_WARN_INT_CONVERSION = YES;
				CLANG_WARN_NON_LITERAL_NULL_CONVERSION = YES;
				CLANG_WARN_OBJC_IMPLICIT_RETAIN_SELF = YES;
				CLANG_WARN_OBJC_LITERAL_CONVERSION = YES;
				CLANG_WARN_OBJC_ROOT_CLASS = YES_ERROR;
				CLANG_WARN_RANGE_LOOP_ANALYSIS = YES;
				CLANG_WARN_STRICT_PROTOTYPES = YES;
				CLANG_WARN_SUSPICIOUS_MOVE = YES;
				CLANG_WARN_UNGUARDED_AVAILABILITY = YES_AGGRESSIVE;
				CLANG_WARN_UNREACHABLE_CODE = YES;
				CLANG_WARN__DUPLICATE_METHOD_MATCH = YES;
				CODE_SIGN_IDENTITY = "iPhone Developer";
				COPY_PHASE_STRIP = NO;
				DEBUG_INFORMATION_FORMAT = "dwarf-with-dsym";
				ENABLE_NS_ASSERTIONS = NO;
				ENABLE_STRICT_OBJC_MSGSEND = YES;
				GCC_C_LANGUAGE_STANDARD = gnu11;
				GCC_NO_COMMON_BLOCKS = YES;
				GCC_WARN_64_TO_32_BIT_CONVERSION = YES;
				GCC_WARN_ABOUT_RETURN_TYPE = YES_ERROR;
				GCC_WARN_UNDECLARED_SELECTOR = YES;
				GCC_WARN_UNINITIALIZED_AUTOS = YES_AGGRESSIVE;
				GCC_WARN_UNUSED_FUNCTION = YES;
				GCC_WARN_UNUSED_VARIABLE = YES;
				IPHONEOS_DEPLOYMENT_TARGET = 10.0;
				MTL_ENABLE_DEBUG_INFO = NO;
				MTL_FAST_MATH = YES;
				SDKROOT = iphoneos;
				SWIFT_COMPILATION_MODE = wholemodule;
				SWIFT_OPTIMIZATION_LEVEL = "-O";
				VALIDATE_PRODUCT = YES;
			};
			name = Release;
		};
		60E597CE219038BD007D589B /* Debug */ = {
			isa = XCBuildConfiguration;
			baseConfigurationReference = 06A76BCE39C2AE60784EF4C6 /* Pods-Meet.debug.xcconfig */;
			buildSettings = {
				ASSETCATALOG_COMPILER_APPICON_NAME = AppIcon;
				CODE_SIGN_STYLE = Automatic;
				DEVELOPMENT_TEAM = AQUT8GSK4H;
				INFOPLIST_FILE = Meet/Info.plist;
				LD_RUNPATH_SEARCH_PATHS = (
					"$(inherited)",
					"@executable_path/Frameworks",
				);
				PRODUCT_BUNDLE_IDENTIFIER = com.pwdream.meet;
				PRODUCT_NAME = "$(TARGET_NAME)";
				SWIFT_OBJC_BRIDGING_HEADER = "Meet/Meet-Bridging.h";
				SWIFT_VERSION = 4.2;
				TARGETED_DEVICE_FAMILY = "1,2";
				USER_HEADER_SEARCH_PATHS = "${SRCROOT}/**";
			};
			name = Debug;
		};
		60E597CF219038BD007D589B /* Release */ = {
			isa = XCBuildConfiguration;
			baseConfigurationReference = 7951CA5D42A191DBCD666208 /* Pods-Meet.release.xcconfig */;
			buildSettings = {
				ASSETCATALOG_COMPILER_APPICON_NAME = AppIcon;
				CODE_SIGN_STYLE = Automatic;
				DEVELOPMENT_TEAM = AQUT8GSK4H;
				INFOPLIST_FILE = Meet/Info.plist;
				LD_RUNPATH_SEARCH_PATHS = (
					"$(inherited)",
					"@executable_path/Frameworks",
				);
				PRODUCT_BUNDLE_IDENTIFIER = com.pwdream.meet;
				PRODUCT_NAME = "$(TARGET_NAME)";
				SWIFT_OBJC_BRIDGING_HEADER = "Meet/Meet-Bridging.h";
				SWIFT_VERSION = 4.2;
				TARGETED_DEVICE_FAMILY = "1,2";
				USER_HEADER_SEARCH_PATHS = "${SRCROOT}/**";
			};
			name = Release;
		};
/* End XCBuildConfiguration section */

/* Begin XCConfigurationList section */
		60E597B6219038BC007D589B /* Build configuration list for PBXProject "Meet" */ = {
			isa = XCConfigurationList;
			buildConfigurations = (
				60E597CB219038BD007D589B /* Debug */,
				60E597CC219038BD007D589B /* Release */,
			);
			defaultConfigurationIsVisible = 0;
			defaultConfigurationName = Release;
		};
		60E597CD219038BD007D589B /* Build configuration list for PBXNativeTarget "Meet" */ = {
			isa = XCConfigurationList;
			buildConfigurations = (
				60E597CE219038BD007D589B /* Debug */,
				60E597CF219038BD007D589B /* Release */,
			);
			defaultConfigurationIsVisible = 0;
			defaultConfigurationName = Release;
		};
/* End XCConfigurationList section */
	};
	rootObject = 60E597B3219038BC007D589B /* Project object */;
}
